{
  "name": "angular-electron",
  "version": "10.5.2",
  "lockfileVersion": 2,
  "requires": true,
  "packages": {
    "": {
      "name": "angular-electron",
      "version": "10.5.2",
      "devDependencies": {
        "@ngrx/schematics": "^13.2.0"
      }
    },
    "node_modules/@ngrx/schematics": {
      "version": "13.2.0",
      "resolved": "https://registry.npmjs.org/@ngrx/schematics/-/schematics-13.2.0.tgz",
      "integrity": "sha512-MpSJFWF+Pppwv2C+0NNw8RPZmgbhaiEMCiF8VUkAJkXki9CV9Da6cTOa+v1nIrrfUpm/L+jD8DL9CPJTPccRZg==",
      "dev": true
    }
  },
  "dependencies": {
    "@ngrx/schematics": {
      "version": "13.2.0",
      "resolved": "https://registry.npmjs.org/@ngrx/schematics/-/schematics-13.2.0.tgz",
      "integrity": "sha512-MpSJFWF+Pppwv2C+0NNw8RPZmgbhaiEMCiF8VUkAJkXki9CV9Da6cTOa+v1nIrrfUpm/L+jD8DL9CPJTPccRZg==",
      "dev": true
    }
  }
}
